
Microsoft Visual Studio Solution File, Format Version 12.00
# Visual Studio Version 17
VisualStudioVersion = 17.9.34728.123
MinimumVisualStudioVersion = 10.0.40219.1
Project("{FAE04EC0-301F-11D3-BF4B-00C04F79EFBC}") = "BulletFest", "BulletFest\BulletFest.csproj", "{243BF186-E5D5-43E1-B2A2-A931C03BB2E8}"
EndProject
Global
	GlobalSection(SolutionConfigurationPlatforms) = preSolution
		Debug|Any CPU = Debug|Any CPU
		Release|Any CPU = Release|Any CPU
	EndGlobalSection
	GlobalSection(ProjectConfigurationPlatforms) = postSolution
		{243BF186-E5D5-43E1-B2A2-A931C03BB2E8}.Debug|Any CPU.ActiveCfg = Debug|Any CPU
		{243BF186-E5D5-43E1-B2A2-A931C03BB2E8}.Debug|Any CPU.Build.0 = Debug|Any CPU
		{243BF186-E5D5-43E1-B2A2-A931C03BB2E8}.Release|Any CPU.ActiveCfg = Release|Any CPU
		{243BF186-E5D5-43E1-B2A2-A931C03BB2E8}.Release|Any CPU.Build.0 = Release|Any CPU
	EndGlobalSection
	GlobalSection(SolutionProperties) = preSolution
		HideSolutionNode = FALSE
	EndGlobalSection
	GlobalSection(ExtensibilityGlobals) = postSolution
		SolutionGuid = {BB23E625-35A1-4A05-BBF2-042F921CBE03}
	EndGlobalSection
EndGlobal
